
Microsoft Visual Studio Solution File, Format Version 12.00
# Visual Studio Version 17
VisualStudioVersion = 17.4.33103.184
MinimumVisualStudioVersion = 10.0.40219.1
Project("{FAE04EC0-301F-11D3-BF4B-00C04F79EFBC}") = "synaxnet", "synaxnet\synaxnet.csproj", "{8CE3D68F-9A1D-4075-B534-45A4418C5BD6}"
EndProject
Global
	GlobalSection(SolutionConfigurationPlatforms) = preSolution
		Debug|Any CPU = Debug|Any CPU
		Release|Any CPU = Release|Any CPU
	EndGlobalSection
	GlobalSection(ProjectConfigurationPlatforms) = postSolution
		{8CE3D68F-9A1D-4075-B534-45A4418C5BD6}.Debug|Any CPU.ActiveCfg = Debug|Any CPU
		{8CE3D68F-9A1D-4075-B534-45A4418C5BD6}.Debug|Any CPU.Build.0 = Debug|Any CPU
		{8CE3D68F-9A1D-4075-B534-45A4418C5BD6}.Release|Any CPU.ActiveCfg = Release|Any CPU
		{8CE3D68F-9A1D-4075-B534-45A4418C5BD6}.Release|Any CPU.Build.0 = Release|Any CPU
	EndGlobalSection
	GlobalSection(SolutionProperties) = preSolution
		HideSolutionNode = FALSE
	EndGlobalSection
	GlobalSection(ExtensibilityGlobals) = postSolution
		SolutionGuid = {53D10386-44FB-47AB-B126-4EA82E524BF0}
	EndGlobalSection
EndGlobal
